{
  "requires": true,
  "lockfileVersion": 1,
  "dependencies": {
    "react-fetch-hook": {
      "version": "1.8.5",
      "resolved": "https://registry.npmjs.org/react-fetch-hook/-/react-fetch-hook-1.8.5.tgz",
      "integrity": "sha512-HRkfFAGGS6u3xknFWvgNQBUBRkM0ZZnUlyv4yVy2e+ZijUDOPJ+CwgpZ5nvrNd6QVU8++KcV/9WSe3TyW/N/rA=="
    }
  }
}
